
Microsoft Visual Studio Solution File, Format Version 12.00
Project("{FAE04EC0-301F-11D3-BF4B-00C04F79EFBC}") = "WebApplication", "WebApplication\WebApplication.csproj", "{966378D5-0E66-4C8E-8931-0D751C34F6EC}"
EndProject
Global
	GlobalSection(SolutionConfigurationPlatforms) = preSolution
		Debug|Any CPU = Debug|Any CPU
		Release|Any CPU = Release|Any CPU
	EndGlobalSection
	GlobalSection(ProjectConfigurationPlatforms) = postSolution
		{966378D5-0E66-4C8E-8931-0D751C34F6EC}.Debug|Any CPU.ActiveCfg = Debug|Any CPU
		{966378D5-0E66-4C8E-8931-0D751C34F6EC}.Debug|Any CPU.Build.0 = Debug|Any CPU
		{966378D5-0E66-4C8E-8931-0D751C34F6EC}.Release|Any CPU.ActiveCfg = Release|Any CPU
		{966378D5-0E66-4C8E-8931-0D751C34F6EC}.Release|Any CPU.Build.0 = Release|Any CPU
	EndGlobalSection
EndGlobal
